// !$*UTF8*$!
{
	archiveVersion = 1;
	classes = {
	};
	objectVersion = 50;
	objects = {

/* Begin PBXBuildFile section */
		90D6B76524604ED300F5CCBA /* AppDelegate.swift in Sources */ = {isa = PBXBuildFile; fileRef = 90D6B76424604ED300F5CCBA /* AppDelegate.swift */; };
		90D6B76724604ED300F5CCBA /* SceneDelegate.swift in Sources */ = {isa = PBXBuildFile; fileRef = 90D6B76624604ED300F5CCBA /* SceneDelegate.swift */; };
		90D6B76924604ED300F5CCBA /* ViewController.swift in Sources */ = {isa = PBXBuildFile; fileRef = 90D6B76824604ED300F5CCBA /* ViewController.swift */; };
		90D6B76C24604ED300F5CCBA /* Main.storyboard in Resources */ = {isa = PBXBuildFile; fileRef = 90D6B76A24604ED300F5CCBA /* Main.storyboard */; };
		90D6B76E24604ED500F5CCBA /* Assets.xcassets in Resources */ = {isa = PBXBuildFile; fileRef = 90D6B76D24604ED500F5CCBA /* Assets.xcassets */; };
		90D6B77124604ED500F5CCBA /* LaunchScreen.storyboard in Resources */ = {isa = PBXBuildFile; fileRef = 90D6B76F24604ED500F5CCBA /* LaunchScreen.storyboard */; };
		90D6B77C24604ED500F5CCBA /* PhotoGalleryTests.swift in Sources */ = {isa = PBXBuildFile; fileRef = 90D6B77B24604ED500F5CCBA /* PhotoGalleryTests.swift */; };
		90D6B78724604ED500F5CCBA /* PhotoGalleryUITests.swift in Sources */ = {isa = PBXBuildFile; fileRef = 90D6B78624604ED500F5CCBA /* PhotoGalleryUITests.swift */; };
/* End PBXBuildFile section */

/* Begin PBXContainerItemProxy section */
		90D6B77824604ED500F5CCBA /* PBXContainerItemProxy */ = {
			isa = PBXContainerItemProxy;
			containerPortal = 90D6B75924604ED300F5CCBA /* Project object */;
			proxyType = 1;
			remoteGlobalIDString = 90D6B76024604ED300F5CCBA;
			remoteInfo = PhotoGallery;
		};
		90D6B78324604ED500F5CCBA /* PBXContainerItemProxy */ = {
			isa = PBXContainerItemProxy;
			containerPortal = 90D6B75924604ED300F5CCBA /* Project object */;
			proxyType = 1;
			remoteGlobalIDString = 90D6B76024604ED300F5CCBA;
			remoteInfo = PhotoGallery;
		};
/* End PBXContainerItemProxy section */

/* Begin PBXFileReference section */
		90D6B76124604ED300F5CCBA /* PhotoGallery.app */ = {isa = PBXFileReference; explicitFileType = wrapper.application; includeInIndex = 0; path = PhotoGallery.app; sourceTree = BUILT_PRODUCTS_DIR; };
		90D6B76424604ED300F5CCBA /* AppDelegate.swift */ = {isa = PBXFileReference; lastKnownFileType = sourcecode.swift; path = AppDelegate.swift; sourceTree = "<group>"; };
		90D6B76624604ED300F5CCBA /* SceneDelegate.swift */ = {isa = PBXFileReference; lastKnownFileType = sourcecode.swift; path = SceneDelegate.swift; sourceTree = "<group>"; };
		90D6B76824604ED300F5CCBA /* ViewController.swift */ = {isa = PBXFileReference; lastKnownFileType = sourcecode.swift; path = ViewController.swift; sourceTree = "<group>"; };
		90D6B76B24604ED300F5CCBA /* Base */ = {isa = PBXFileReference; lastKnownFileType = file.storyboard; name = Base; path = Base.lproj/Main.storyboard; sourceTree = "<group>"; };
		90D6B76D24604ED500F5CCBA /* Assets.xcassets */ = {isa = PBXFileReference; lastKnownFileType = folder.assetcatalog; path = Assets.xcassets; sourceTree = "<group>"; };
		90D6B77024604ED500F5CCBA /* Base */ = {isa = PBXFileReference; lastKnownFileType = file.storyboard; name = Base; path = Base.lproj/LaunchScreen.storyboard; sourceTree = "<group>"; };
		90D6B77224604ED500F5CCBA /* Info.plist */ = {isa = PBXFileReference; lastKnownFileType = text.plist.xml; path = Info.plist; sourceTree = "<group>"; };
		90D6B77724604ED500F5CCBA /* PhotoGalleryTests.xctest */ = {isa = PBXFileReference; explicitFileType = wrapper.cfbundle; includeInIndex = 0; path = PhotoGalleryTests.xctest; sourceTree = BUILT_PRODUCTS_DIR; };
		90D6B77B24604ED500F5CCBA /* PhotoGalleryTests.swift */ = {isa = PBXFileReference; lastKnownFileType = sourcecode.swift; path = PhotoGalleryTests.swift; sourceTree = "<group>"; };
		90D6B77D24604ED500F5CCBA /* Info.plist */ = {isa = PBXFileReference; lastKnownFileType = text.plist.xml; path = Info.plist; sourceTree = "<group>"; };
		90D6B78224604ED500F5CCBA /* PhotoGalleryUITests.xctest */ = {isa = PBXFileReference; explicitFileType = wrapper.cfbundle; includeInIndex = 0; path = PhotoGalleryUITests.xctest; sourceTree = BUILT_PRODUCTS_DIR; };
		90D6B78624604ED500F5CCBA /* PhotoGalleryUITests.swift */ = {isa = PBXFileReference; lastKnownFileType = sourcecode.swift; path = PhotoGalleryUITests.swift; sourceTree = "<group>"; };
		90D6B78824604ED500F5CCBA /* Info.plist */ = {isa = PBXFileReference; lastKnownFileType = text.plist.xml; path = Info.plist; sourceTree = "<group>"; };
/* End PBXFileReference section */

/* Begin PBXFrameworksBuildPhase section */
		90D6B75E24604ED300F5CCBA /* Frameworks */ = {
			isa = PBXFrameworksBuildPhase;
			buildActionMask = 2147483647;
			files = (
			);
			runOnlyForDeploymentPostprocessing = 0;
		};
		90D6B77424604ED500F5CCBA /* Frameworks */ = {
			isa = PBXFrameworksBuildPhase;
			buildActionMask = 2147483647;
			files = (
			);
			runOnlyForDeploymentPostprocessing = 0;
		};
		90D6B77F24604ED500F5CCBA /* Frameworks */ = {
			isa = PBXFrameworksBuildPhase;
			buildActionMask = 2147483647;
			files = (
			);
			runOnlyForDeploymentPostprocessing = 0;
		};
/* End PBXFrameworksBuildPhase section */

/* Begin PBXGroup section */
		90D6B75824604ED300F5CCBA = {
			isa = PBXGroup;
			children = (
				90D6B76324604ED300F5CCBA /* PhotoGallery */,
				90D6B77A24604ED500F5CCBA /* PhotoGalleryTests */,
				90D6B78524604ED500F5CCBA /* PhotoGalleryUITests */,
				90D6B76224604ED300F5CCBA /* Products */,
			);
			sourceTree = "<group>";
		};
		90D6B76224604ED300F5CCBA /* Products */ = {
			isa = PBXGroup;
			children = (
				90D6B76124604ED300F5CCBA /* PhotoGallery.app */,
				90D6B77724604ED500F5CCBA /* PhotoGalleryTests.xctest */,
				90D6B78224604ED500F5CCBA /* PhotoGalleryUITests.xctest */,
			);
			name = Products;
			sourceTree = "<group>";
		};
		90D6B76324604ED300F5CCBA /* PhotoGallery */ = {
			isa = PBXGroup;
			children = (
				90D6B76424604ED300F5CCBA /* AppDelegate.swift */,
				90D6B76624604ED300F5CCBA /* SceneDelegate.swift */,
				90D6B76824604ED300F5CCBA /* ViewController.swift */,
				90D6B76A24604ED300F5CCBA /* Main.storyboard */,
				90D6B76D24604ED500F5CCBA /* Assets.xcassets */,
				90D6B76F24604ED500F5CCBA /* LaunchScreen.storyboard */,
				90D6B77224604ED500F5CCBA /* Info.plist */,
			);
			path = PhotoGallery;
			sourceTree = "<group>";
		};
		90D6B77A24604ED500F5CCBA /* PhotoGalleryTests */ = {
			isa = PBXGroup;
			children = (
				90D6B77B24604ED500F5CCBA /* PhotoGalleryTests.swift */,
				90D6B77D24604ED500F5CCBA /* Info.plist */,
			);
			path = PhotoGalleryTests;
			sourceTree = "<group>";
		};
		90D6B78524604ED500F5CCBA /* PhotoGalleryUITests */ = {
			isa = PBXGroup;
			children = (
				90D6B78624604ED500F5CCBA /* PhotoGalleryUITests.swift */,
				90D6B78824604ED500F5CCBA /* Info.plist */,
			);
			path = PhotoGalleryUITests;
			sourceTree = "<group>";
		};
/* End PBXGroup section */

/* Begin PBXNativeTarget section */
		90D6B76024604ED300F5CCBA /* PhotoGallery */ = {
			isa = PBXNativeTarget;
			buildConfigurationList = 90D6B78B24604ED500F5CCBA /* Build configuration list for PBXNativeTarget "PhotoGallery" */;
			buildPhases = (
				90D6B75D24604ED300F5CCBA /* Sources */,
				90D6B75E24604ED300F5CCBA /* Frameworks */,
				90D6B75F24604ED300F5CCBA /* Resources */,
			);
			buildRules = (
			);
			dependencies = (
			);
			name = PhotoGallery;
			productName = PhotoGallery;
			productReference = 90D6B76124604ED300F5CCBA /* PhotoGallery.app */;
			productType = "com.apple.product-type.application";
		};
		90D6B77624604ED500F5CCBA /* PhotoGalleryTests */ = {
			isa = PBXNativeTarget;
			buildConfigurationList = 90D6B78E24604ED500F5CCBA /* Build configuration list for PBXNativeTarget "PhotoGalleryTests" */;
			buildPhases = (
				90D6B77324604ED500F5CCBA /* Sources */,
				90D6B77424604ED500F5CCBA /* Frameworks */,
				90D6B77524604ED500F5CCBA /* Resources */,
			);
			buildRules = (
			);
			dependencies = (
				90D6B77924604ED500F5CCBA /* PBXTargetDependency */,
			);
			name = PhotoGalleryTests;
			productName = PhotoGalleryTests;
			productReference = 90D6B77724604ED500F5CCBA /* PhotoGalleryTests.xctest */;
			productType = "com.apple.product-type.bundle.unit-test";
		};
		90D6B78124604ED500F5CCBA /* PhotoGalleryUITests */ = {
			isa = PBXNativeTarget;
			buildConfigurationList = 90D6B79124604ED500F5CCBA /* Build configuration list for PBXNativeTarget "PhotoGalleryUITests" */;
			buildPhases = (
				90D6B77E24604ED500F5CCBA /* Sources */,
				90D6B77F24604ED500F5CCBA /* Frameworks */,
				90D6B78024604ED500F5CCBA /* Resources */,
			);
			buildRules = (
			);
			dependencies = (
				90D6B78424604ED500F5CCBA /* PBXTargetDependency */,
			);
			name = PhotoGalleryUITests;
			productName = PhotoGalleryUITests;
			productReference = 90D6B78224604ED500F5CCBA /* PhotoGalleryUITests.xctest */;
			productType = "com.apple.product-type.bundle.ui-testing";
		};
/* End PBXNativeTarget section */

/* Begin PBXProject section */
		90D6B75924604ED300F5CCBA /* Project object */ = {
			isa = PBXProject;
			attributes = {
				LastSwiftUpdateCheck = 1140;
				LastUpgradeCheck = 1140;
				ORGANIZATIONNAME = "Abdullah Bayraktar";
				TargetAttributes = {
					90D6B76024604ED300F5CCBA = {
						CreatedOnToolsVersion = 11.4.1;
					};
					90D6B77624604ED500F5CCBA = {
						CreatedOnToolsVersion = 11.4.1;
						TestTargetID = 90D6B76024604ED300F5CCBA;
					};
					90D6B78124604ED500F5CCBA = {
						CreatedOnToolsVersion = 11.4.1;
						TestTargetID = 90D6B76024604ED300F5CCBA;
					};
				};
			};
			buildConfigurationList = 90D6B75C24604ED300F5CCBA /* Build configuration list for PBXProject "PhotoGallery" */;
			compatibilityVersion = "Xcode 9.3";
			developmentRegion = en;
			hasScannedForEncodings = 0;
			knownRegions = (
				en,
				Base,
			);
			mainGroup = 90D6B75824604ED300F5CCBA;
			productRefGroup = 90D6B76224604ED300F5CCBA /* Products */;
			projectDirPath = "";
			projectRoot = "";
			targets = (
				90D6B76024604ED300F5CCBA /* PhotoGallery */,
				90D6B77624604ED500F5CCBA /* PhotoGalleryTests */,
				90D6B78124604ED500F5CCBA /* PhotoGalleryUITests */,
			);
		};
/* End PBXProject section */

/* Begin PBXResourcesBuildPhase section */
		90D6B75F24604ED300F5CCBA /* Resources */ = {
			isa = PBXResourcesBuildPhase;
			buildActionMask = 2147483647;
			files = (
				90D6B77124604ED500F5CCBA /* LaunchScreen.storyboard in Resources */,
				90D6B76E24604ED500F5CCBA /* Assets.xcassets in Resources */,
				90D6B76C24604ED300F5CCBA /* Main.storyboard in Resources */,
			);
			runOnlyForDeploymentPostprocessing = 0;
		};
		90D6B77524604ED500F5CCBA /* Resources */ = {
			isa = PBXResourcesBuildPhase;
			buildActionMask = 2147483647;
			files = (
			);
			runOnlyForDeploymentPostprocessing = 0;
		};
		90D6B78024604ED500F5CCBA /* Resources */ = {
			isa = PBXResourcesBuildPhase;
			buildActionMask = 2147483647;
			files = (
			);
			runOnlyForDeploymentPostprocessing = 0;
		};
/* End PBXResourcesBuildPhase section */

/* Begin PBXSourcesBuildPhase section */
		90D6B75D24604ED300F5CCBA /* Sources */ = {
			isa = PBXSourcesBuildPhase;
			buildActionMask = 2147483647;
			files = (
				90D6B76924604ED300F5CCBA /* ViewController.swift in Sources */,
				90D6B76524604ED300F5CCBA /* AppDelegate.swift in Sources */,
				90D6B76724604ED300F5CCBA /* SceneDelegate.swift in Sources */,
			);
			runOnlyForDeploymentPostprocessing = 0;
		};
		90D6B77324604ED500F5CCBA /* Sources */ = {
			isa = PBXSourcesBuildPhase;
			buildActionMask = 2147483647;
			files = (
				90D6B77C24604ED500F5CCBA /* PhotoGalleryTests.swift in Sources */,
			);
			runOnlyForDeploymentPostprocessing = 0;
		};
		90D6B77E24604ED500F5CCBA /* Sources */ = {
			isa = PBXSourcesBuildPhase;
			buildActionMask = 2147483647;
			files = (
				90D6B78724604ED500F5CCBA /* PhotoGalleryUITests.swift in Sources */,
			);
			runOnlyForDeploymentPostprocessing = 0;
		};
/* End PBXSourcesBuildPhase section */

/* Begin PBXTargetDependency section */
		90D6B77924604ED500F5CCBA /* PBXTargetDependency */ = {
			isa = PBXTargetDependency;
			target = 90D6B76024604ED300F5CCBA /* PhotoGallery */;
			targetProxy = 90D6B77824604ED500F5CCBA /* PBXContainerItemProxy */;
		};
		90D6B78424604ED500F5CCBA /* PBXTargetDependency */ = {
			isa = PBXTargetDependency;
			target = 90D6B76024604ED300F5CCBA /* PhotoGallery */;
			targetProxy = 90D6B78324604ED500F5CCBA /* PBXContainerItemProxy */;
		};
/* End PBXTargetDependency section */

/* Begin PBXVariantGroup section */
		90D6B76A24604ED300F5CCBA /* Main.storyboard */ = {
			isa = PBXVariantGroup;
			children = (
				90D6B76B24604ED300F5CCBA /* Base */,
			);
			name = Main.storyboard;
			sourceTree = "<group>";
		};
		90D6B76F24604ED500F5CCBA /* LaunchScreen.storyboard */ = {
			isa = PBXVariantGroup;
			children = (
				90D6B77024604ED500F5CCBA /* Base */,
			);
			name = LaunchScreen.storyboard;
			sourceTree = "<group>";
		};
/* End PBXVariantGroup section */

/* Begin XCBuildConfiguration section */
		90D6B78924604ED500F5CCBA /* Debug */ = {
			isa = XCBuildConfiguration;
			buildSettings = {
				ALWAYS_SEARCH_USER_PATHS = NO;
				CLANG_ANALYZER_NONNULL = YES;
				CLANG_ANALYZER_NUMBER_OBJECT_CONVERSION = YES_AGGRESSIVE;
				CLANG_CXX_LANGUAGE_STANDARD = "gnu++14";
				CLANG_CXX_LIBRARY = "libc++";
				CLANG_ENABLE_MODULES = YES;
				CLANG_ENABLE_OBJC_ARC = YES;
				CLANG_ENABLE_OBJC_WEAK = YES;
				CLANG_WARN_BLOCK_CAPTURE_AUTORELEASING = YES;
				CLANG_WARN_BOOL_CONVERSION = YES;
				CLANG_WARN_COMMA = YES;
				CLANG_WARN_CONSTANT_CONVERSION = YES;
				CLANG_WARN_DEPRECATED_OBJC_IMPLEMENTATIONS = YES;
				CLANG_WARN_DIRECT_OBJC_ISA_USAGE = YES_ERROR;
				CLANG_WARN_DOCUMENTATION_COMMENTS = YES;
				CLANG_WARN_EMPTY_BODY = YES;
				CLANG_WARN_ENUM_CONVERSION = YES;
				CLANG_WARN_INFINITE_RECURSION = YES;
				CLANG_WARN_INT_CONVERSION = YES;
				CLANG_WARN_NON_LITERAL_NULL_CONVERSION = YES;
				CLANG_WARN_OBJC_IMPLICIT_RETAIN_SELF = YES;
				CLANG_WARN_OBJC_LITERAL_CONVERSION = YES;
				CLANG_WARN_OBJC_ROOT_CLASS = YES_ERROR;
				CLANG_WARN_RANGE_LOOP_ANALYSIS = YES;
				CLANG_WARN_STRICT_PROTOTYPES = YES;
				CLANG_WARN_SUSPICIOUS_MOVE = YES;
				CLANG_WARN_UNGUARDED_AVAILABILITY = YES_AGGRESSIVE;
				CLANG_WARN_UNREACHABLE_CODE = YES;
				CLANG_WARN__DUPLICATE_METHOD_MATCH = YES;
				COPY_PHASE_STRIP = NO;
				DEBUG_INFORMATION_FORMAT = dwarf;
				ENABLE_STRICT_OBJC_MSGSEND = YES;
				ENABLE_TESTABILITY = YES;
				GCC_C_LANGUAGE_STANDARD = gnu11;
				GCC_DYNAMIC_NO_PIC = NO;
				GCC_NO_COMMON_BLOCKS = YES;
				GCC_OPTIMIZATION_LEVEL = 0;
				GCC_PREPROCESSOR_DEFINITIONS = (
					"DEBUG=1",
					"$(inherited)",
				);
				GCC_WARN_64_TO_32_BIT_CONVERSION = YES;
				GCC_WARN_ABOUT_RETURN_TYPE = YES_ERROR;
				GCC_WARN_UNDECLARED_SELECTOR = YES;
				GCC_WARN_UNINITIALIZED_AUTOS = YES_AGGRESSIVE;
				GCC_WARN_UNUSED_FUNCTION = YES;
				GCC_WARN_UNUSED_VARIABLE = YES;
				IPHONEOS_DEPLOYMENT_TARGET = 13.4;
				MTL_ENABLE_DEBUG_INFO = INCLUDE_SOURCE;
				MTL_FAST_MATH = YES;
				ONLY_ACTIVE_ARCH = YES;
				SDKROOT = iphoneos;
				SWIFT_ACTIVE_COMPILATION_CONDITIONS = DEBUG;
				SWIFT_OPTIMIZATION_LEVEL = "-Onone";
			};
			name = Debug;
		};
		90D6B78A24604ED500F5CCBA /* Release */ = {
			isa = XCBuildConfiguration;
			buildSettings = {
				ALWAYS_SEARCH_USER_PATHS = NO;
				CLANG_ANALYZER_NONNULL = YES;
				CLANG_ANALYZER_NUMBER_OBJECT_CONVERSION = YES_AGGRESSIVE;
				CLANG_CXX_LANGUAGE_STANDARD = "gnu++14";
				CLANG_CXX_LIBRARY = "libc++";
				CLANG_ENABLE_MODULES = YES;
				CLANG_ENABLE_OBJC_ARC = YES;
				CLANG_ENABLE_OBJC_WEAK = YES;
				CLANG_WARN_BLOCK_CAPTURE_AUTORELEASING = YES;
				CLANG_WARN_BOOL_CONVERSION = YES;
				CLANG_WARN_COMMA = YES;
				CLANG_WARN_CONSTANT_CONVERSION = YES;
				CLANG_WARN_DEPRECATED_OBJC_IMPLEMENTATIONS = YES;
				CLANG_WARN_DIRECT_OBJC_ISA_USAGE = YES_ERROR;
				CLANG_WARN_DOCUMENTATION_COMMENTS = YES;
				CLANG_WARN_EMPTY_BODY = YES;
				CLANG_WARN_ENUM_CONVERSION = YES;
				CLANG_WARN_INFINITE_RECURSION = YES;
				CLANG_WARN_INT_CONVERSION = YES;
				CLANG_WARN_NON_LITERAL_NULL_CONVERSION = YES;
				CLANG_WARN_OBJC_IMPLICIT_RETAIN_SELF = YES;
				CLANG_WARN_OBJC_LITERAL_CONVERSION = YES;
				CLANG_WARN_OBJC_ROOT_CLASS = YES_ERROR;
				CLANG_WARN_RANGE_LOOP_ANALYSIS = YES;
				CLANG_WARN_STRICT_PROTOTYPES = YES;
				CLANG_WARN_SUSPICIOUS_MOVE = YES;
				CLANG_WARN_UNGUARDED_AVAILABILITY = YES_AGGRESSIVE;
				CLANG_WARN_UNREACHABLE_CODE = YES;
				CLANG_WARN__DUPLICATE_METHOD_MATCH = YES;
				COPY_PHASE_STRIP = NO;
				DEBUG_INFORMATION_FORMAT = "dwarf-with-dsym";
				ENABLE_NS_ASSERTIONS = NO;
				ENABLE_STRICT_OBJC_MSGSEND = YES;
				GCC_C_LANGUAGE_STANDARD = gnu11;
				GCC_NO_COMMON_BLOCKS = YES;
				GCC_WARN_64_TO_32_BIT_CONVERSION = YES;
				GCC_WARN_ABOUT_RETURN_TYPE = YES_ERROR;
				GCC_WARN_UNDECLARED_SELECTOR = YES;
				GCC_WARN_UNINITIALIZED_AUTOS = YES_AGGRESSIVE;
				GCC_WARN_UNUSED_FUNCTION = YES;
				GCC_WARN_UNUSED_VARIABLE = YES;
				IPHONEOS_DEPLOYMENT_TARGET = 13.4;
				MTL_ENABLE_DEBUG_INFO = NO;
				MTL_FAST_MATH = YES;
				SDKROOT = iphoneos;
				SWIFT_COMPILATION_MODE = wholemodule;
				SWIFT_OPTIMIZATION_LEVEL = "-O";
				VALIDATE_PRODUCT = YES;
			};
			name = Release;
		};
		90D6B78C24604ED500F5CCBA /* Debug */ = {
			isa = XCBuildConfiguration;
			buildSettings = {
				ASSETCATALOG_COMPILER_APPICON_NAME = AppIcon;
				CODE_SIGN_STYLE = Automatic;
				INFOPLIST_FILE = PhotoGallery/Info.plist;
				IPHONEOS_DEPLOYMENT_TARGET = 13.0;
				LD_RUNPATH_SEARCH_PATHS = (
					"$(inherited)",
					"@executable_path/Frameworks",
				);
				PRODUCT_BUNDLE_IDENTIFIER = AB.PhotoGallery;
				PRODUCT_NAME = "$(TARGET_NAME)";
				SWIFT_VERSION = 5.0;
				TARGETED_DEVICE_FAMILY = "1,2";
			};
			name = Debug;
		};
		90D6B78D24604ED500F5CCBA /* Release */ = {
			isa = XCBuildConfiguration;
			buildSettings = {
				ASSETCATALOG_COMPILER_APPICON_NAME = AppIcon;
				CODE_SIGN_STYLE = Automatic;
				INFOPLIST_FILE = PhotoGallery/Info.plist;
				IPHONEOS_DEPLOYMENT_TARGET = 13.0;
				LD_RUNPATH_SEARCH_PATHS = (
					"$(inherited)",
					"@executable_path/Frameworks",
				);
				PRODUCT_BUNDLE_IDENTIFIER = AB.PhotoGallery;
				PRODUCT_NAME = "$(TARGET_NAME)";
				SWIFT_VERSION = 5.0;
				TARGETED_DEVICE_FAMILY = "1,2";
			};
			name = Release;
		};
		90D6B78F24604ED500F5CCBA /* Debug */ = {
			isa = XCBuildConfiguration;
			buildSettings = {
				ALWAYS_EMBED_SWIFT_STANDARD_LIBRARIES = YES;
				BUNDLE_LOADER = "$(TEST_HOST)";
				CODE_SIGN_STYLE = Automatic;
				INFOPLIST_FILE = PhotoGalleryTests/Info.plist;
				IPHONEOS_DEPLOYMENT_TARGET = 13.4;
				LD_RUNPATH_SEARCH_PATHS = (
					"$(inherited)",
					"@executable_path/Frameworks",
					"@loader_path/Frameworks",
				);
				PRODUCT_BUNDLE_IDENTIFIER = AB.PhotoGalleryTests;
				PRODUCT_NAME = "$(TARGET_NAME)";
				SWIFT_VERSION = 5.0;
				TARGETED_DEVICE_FAMILY = "1,2";
				TEST_HOST = "$(BUILT_PRODUCTS_DIR)/PhotoGallery.app/PhotoGallery";
			};
			name = Debug;
		};
		90D6B79024604ED500F5CCBA /* Release */ = {
			isa = XCBuildConfiguration;
			buildSettings = {
				ALWAYS_EMBED_SWIFT_STANDARD_LIBRARIES = YES;
				BUNDLE_LOADER = "$(TEST_HOST)";
				CODE_SIGN_STYLE = Automatic;
				INFOPLIST_FILE = PhotoGalleryTests/Info.plist;
				IPHONEOS_DEPLOYMENT_TARGET = 13.4;
				LD_RUNPATH_SEARCH_PATHS = (
					"$(inherited)",
					"@executable_path/Frameworks",
					"@loader_path/Frameworks",
				);
				PRODUCT_BUNDLE_IDENTIFIER = AB.PhotoGalleryTests;
				PRODUCT_NAME = "$(TARGET_NAME)";
				SWIFT_VERSION = 5.0;
				TARGETED_DEVICE_FAMILY = "1,2";
				TEST_HOST = "$(BUILT_PRODUCTS_DIR)/PhotoGallery.app/PhotoGallery";
			};
			name = Release;
		};
		90D6B79224604ED500F5CCBA /* Debug */ = {
			isa = XCBuildConfiguration;
			buildSettings = {
				ALWAYS_EMBED_SWIFT_STANDARD_LIBRARIES = YES;
				CODE_SIGN_STYLE = Automatic;
				INFOPLIST_FILE = PhotoGalleryUITests/Info.plist;
				LD_RUNPATH_SEARCH_PATHS = (
					"$(inherited)",
					"@executable_path/Frameworks",
					"@loader_path/Frameworks",
				);
				PRODUCT_BUNDLE_IDENTIFIER = AB.PhotoGalleryUITests;
				PRODUCT_NAME = "$(TARGET_NAME)";
				SWIFT_VERSION = 5.0;
				TARGETED_DEVICE_FAMILY = "1,2";
				TEST_TARGET_NAME = PhotoGallery;
			};
			name = Debug;
		};
		90D6B79324604ED500F5CCBA /* Release */ = {
			isa = XCBuildConfiguration;
			buildSettings = {
				ALWAYS_EMBED_SWIFT_STANDARD_LIBRARIES = YES;
				CODE_SIGN_STYLE = Automatic;
				INFOPLIST_FILE = PhotoGalleryUITests/Info.plist;
				LD_RUNPATH_SEARCH_PATHS = (
					"$(inherited)",
					"@executable_path/Frameworks",
					"@loader_path/Frameworks",
				);
				PRODUCT_BUNDLE_IDENTIFIER = AB.PhotoGalleryUITests;
				PRODUCT_NAME = "$(TARGET_NAME)";
				SWIFT_VERSION = 5.0;
				TARGETED_DEVICE_FAMILY = "1,2";
				TEST_TARGET_NAME = PhotoGallery;
			};
			name = Release;
		};
/* End XCBuildConfiguration section */

/* Begin XCConfigurationList section */
		90D6B75C24604ED300F5CCBA /* Build configuration list for PBXProject "PhotoGallery" */ = {
			isa = XCConfigurationList;
			buildConfigurations = (
				90D6B78924604ED500F5CCBA /* Debug */,
				90D6B78A24604ED500F5CCBA /* Release */,
			);
			defaultConfigurationIsVisible = 0;
			defaultConfigurationName = Release;
		};
		90D6B78B24604ED500F5CCBA /* Build configuration list for PBXNativeTarget "PhotoGallery" */ = {
			isa = XCConfigurationList;
			buildConfigurations = (
				90D6B78C24604ED500F5CCBA /* Debug */,
				90D6B78D24604ED500F5CCBA /* Release */,
			);
			defaultConfigurationIsVisible = 0;
			defaultConfigurationName = Release;
		};
		90D6B78E24604ED500F5CCBA /* Build configuration list for PBXNativeTarget "PhotoGalleryTests" */ = {
			isa = XCConfigurationList;
			buildConfigurations = (
				90D6B78F24604ED500F5CCBA /* Debug */,
				90D6B79024604ED500F5CCBA /* Release */,
			);
			defaultConfigurationIsVisible = 0;
			defaultConfigurationName = Release;
		};
		90D6B79124604ED500F5CCBA /* Build configuration list for PBXNativeTarget "PhotoGalleryUITests" */ = {
			isa = XCConfigurationList;
			buildConfigurations = (
				90D6B79224604ED500F5CCBA /* Debug */,
				90D6B79324604ED500F5CCBA /* Release */,
			);
			defaultConfigurationIsVisible = 0;
			defaultConfigurationName = Release;
		};
/* End XCConfigurationList section */
	};
	rootObject = 90D6B75924604ED300F5CCBA /* Project object */;
}
