// !$*UTF8*$!
{
	archiveVersion = 1;
	classes = {
	};
	objectVersion = 50;
	objects = {

/* Begin PBXBuildFile section */
		90D6B76524604ED300F5CCBA /* AppDelegate.swift in Sources */ = {isa = PBXBuildFile; fileRef = 90D6B76424604ED300F5CCBA /* AppDelegate.swift */; };
		90D6B76724604ED300F5CCBA /* SceneDelegate.swift in Sources */ = {isa = PBXBuildFile; fileRef = 90D6B76624604ED300F5CCBA /* SceneDelegate.swift */; };
		90D6B76E24604ED500F5CCBA /* Assets.xcassets in Resources */ = {isa = PBXBuildFile; fileRef = 90D6B76D24604ED500F5CCBA /* Assets.xcassets */; };
		90D6B77C24604ED500F5CCBA /* PhotoGalleryViewModelTests.swift in Sources */ = {isa = PBXBuildFile; fileRef = 90D6B77B24604ED500F5CCBA /* PhotoGalleryViewModelTests.swift */; };
		90D6B78724604ED500F5CCBA /* PhotoGalleryUITests.swift in Sources */ = {isa = PBXBuildFile; fileRef = 90D6B78624604ED500F5CCBA /* PhotoGalleryUITests.swift */; };
		90D6B7A2246057FD00F5CCBA /* LaunchScreen.storyboard in Resources */ = {isa = PBXBuildFile; fileRef = 90D6B796246057FD00F5CCBA /* LaunchScreen.storyboard */; };
		90D6B7A3246057FD00F5CCBA /* Main.storyboard in Resources */ = {isa = PBXBuildFile; fileRef = 90D6B797246057FD00F5CCBA /* Main.storyboard */; };
		90D6B7A4246057FD00F5CCBA /* PhotoGalleryViewController.swift in Sources */ = {isa = PBXBuildFile; fileRef = 90D6B79D246057FD00F5CCBA /* PhotoGalleryViewController.swift */; };
		90D6B7A624605FD700F5CCBA /* PhotoGalleryViewModel.swift in Sources */ = {isa = PBXBuildFile; fileRef = 90D6B7A524605FD700F5CCBA /* PhotoGalleryViewModel.swift */; };
		90D6B7A92460612E00F5CCBA /* PhotoGalleryDataProtocol.swift in Sources */ = {isa = PBXBuildFile; fileRef = 90D6B7A82460612E00F5CCBA /* PhotoGalleryDataProtocol.swift */; };
		90D6B7AB24606A6000F5CCBA /* PhotoGalleryDataController.swift in Sources */ = {isa = PBXBuildFile; fileRef = 90D6B7AA24606A6000F5CCBA /* PhotoGalleryDataController.swift */; };
		90D6B7AD24606BBE00F5CCBA /* NSObject+Classname.swift in Sources */ = {isa = PBXBuildFile; fileRef = 90D6B7AC24606BBE00F5CCBA /* NSObject+Classname.swift */; };
		90D6B7AF24606FB200F5CCBA /* PhotoGalleryCollectionViewCell.swift in Sources */ = {isa = PBXBuildFile; fileRef = 90D6B7AE24606FB200F5CCBA /* PhotoGalleryCollectionViewCell.swift */; };
		90D6B7B12460845500F5CCBA /* PhotoGalleryCollectionViewCell.xib in Resources */ = {isa = PBXBuildFile; fileRef = 90D6B7B02460845500F5CCBA /* PhotoGalleryCollectionViewCell.xib */; };
		90D6B7B32460867E00F5CCBA /* UICollectionView+Registration.swift in Sources */ = {isa = PBXBuildFile; fileRef = 90D6B7B22460867E00F5CCBA /* UICollectionView+Registration.swift */; };
		90D6B7B5246318B700F5CCBA /* FileHandler.swift in Sources */ = {isa = PBXBuildFile; fileRef = 90D6B7B4246318B700F5CCBA /* FileHandler.swift */; };
		90D6B7B724631F6A00F5CCBA /* PhotoGalleryViewController+UICollectionViewDelegate.swift in Sources */ = {isa = PBXBuildFile; fileRef = 90D6B7B624631F6A00F5CCBA /* PhotoGalleryViewController+UICollectionViewDelegate.swift */; };
		90D6B7BB2464E3F800F5CCBA /* ImagePicker.swift in Sources */ = {isa = PBXBuildFile; fileRef = 90D6B7BA2464E3F800F5CCBA /* ImagePicker.swift */; };
		90D6B7BD2464EDF700F5CCBA /* ImageViewerViewController.swift in Sources */ = {isa = PBXBuildFile; fileRef = 90D6B7BC2464EDF700F5CCBA /* ImageViewerViewController.swift */; };
		90D6B7BF2464F02400F5CCBA /* Routable.swift in Sources */ = {isa = PBXBuildFile; fileRef = 90D6B7BE2464F02400F5CCBA /* Routable.swift */; };
		90D6B7C12464F03A00F5CCBA /* Storyboard.swift in Sources */ = {isa = PBXBuildFile; fileRef = 90D6B7C02464F03A00F5CCBA /* Storyboard.swift */; };
		90D6B7C32464F07200F5CCBA /* UIViewController+Instantiation.swift in Sources */ = {isa = PBXBuildFile; fileRef = 90D6B7C22464F07200F5CCBA /* UIViewController+Instantiation.swift */; };
		90D6B7C62464F0E300F5CCBA /* PhotoGalleryRouter.swift in Sources */ = {isa = PBXBuildFile; fileRef = 90D6B7C52464F0E300F5CCBA /* PhotoGalleryRouter.swift */; };
		90D6B7C82464F16B00F5CCBA /* ImageViewerViewModel.swift in Sources */ = {isa = PBXBuildFile; fileRef = 90D6B7C72464F16B00F5CCBA /* ImageViewerViewModel.swift */; };
		90D6B7CA24658A0500F5CCBA /* UIImage+Rotation.swift in Sources */ = {isa = PBXBuildFile; fileRef = 90D6B7C924658A0500F5CCBA /* UIImage+Rotation.swift */; };
		90D6B7D224685E5C00F5CCBA /* UIImage+Resize.swift in Sources */ = {isa = PBXBuildFile; fileRef = 90D6B7D124685E5C00F5CCBA /* UIImage+Resize.swift */; };
		90D6B7D4246870FD00F5CCBA /* PhotoGalleryViewController+ImagePicker.swift in Sources */ = {isa = PBXBuildFile; fileRef = 90D6B7D3246870FD00F5CCBA /* PhotoGalleryViewController+ImagePicker.swift */; };
		90D6B7D62468723500F5CCBA /* PhotoGalleryViewController+UICollectionViewDelegateFlowLayout .swift in Sources */ = {isa = PBXBuildFile; fileRef = 90D6B7D52468723500F5CCBA /* PhotoGalleryViewController+UICollectionViewDelegateFlowLayout .swift */; };
		90D6B7D8246873C400F5CCBA /* PhotoGalleryViewController+UICollectionViewDataSource.swift in Sources */ = {isa = PBXBuildFile; fileRef = 90D6B7D7246873C400F5CCBA /* PhotoGalleryViewController+UICollectionViewDataSource.swift */; };
		90D6B7DA2468DA5700F5CCBA /* PhotoGalleryDummyDataController.swift in Sources */ = {isa = PBXBuildFile; fileRef = 90D6B7D92468DA5700F5CCBA /* PhotoGalleryDummyDataController.swift */; };
		90D6B7DC2468E6C600F5CCBA /* PhotoGalleryDummyBrokenDataController.swift in Sources */ = {isa = PBXBuildFile; fileRef = 90D6B7DB2468E6C600F5CCBA /* PhotoGalleryDummyBrokenDataController.swift */; };
		90D6B7E02468F0F400F5CCBA /* DummyFileHandler.swift in Sources */ = {isa = PBXBuildFile; fileRef = 90D6B7DF2468F0F400F5CCBA /* DummyFileHandler.swift */; };
/* End PBXBuildFile section */

/* Begin PBXContainerItemProxy section */
		90D6B77824604ED500F5CCBA /* PBXContainerItemProxy */ = {
			isa = PBXContainerItemProxy;
			containerPortal = 90D6B75924604ED300F5CCBA /* Project object */;
			proxyType = 1;
			remoteGlobalIDString = 90D6B76024604ED300F5CCBA;
			remoteInfo = PhotoGallery;
		};
		90D6B78324604ED500F5CCBA /* PBXContainerItemProxy */ = {
			isa = PBXContainerItemProxy;
			containerPortal = 90D6B75924604ED300F5CCBA /* Project object */;
			proxyType = 1;
			remoteGlobalIDString = 90D6B76024604ED300F5CCBA;
			remoteInfo = PhotoGallery;
		};
/* End PBXContainerItemProxy section */

/* Begin PBXFileReference section */
		90D6B76124604ED300F5CCBA /* PhotoGallery.app */ = {isa = PBXFileReference; explicitFileType = wrapper.application; includeInIndex = 0; path = PhotoGallery.app; sourceTree = BUILT_PRODUCTS_DIR; };
		90D6B76424604ED300F5CCBA /* AppDelegate.swift */ = {isa = PBXFileReference; lastKnownFileType = sourcecode.swift; path = AppDelegate.swift; sourceTree = "<group>"; };
		90D6B76624604ED300F5CCBA /* SceneDelegate.swift */ = {isa = PBXFileReference; lastKnownFileType = sourcecode.swift; path = SceneDelegate.swift; sourceTree = "<group>"; };
		90D6B76D24604ED500F5CCBA /* Assets.xcassets */ = {isa = PBXFileReference; lastKnownFileType = folder.assetcatalog; path = Assets.xcassets; sourceTree = "<group>"; };
		90D6B77224604ED500F5CCBA /* Info.plist */ = {isa = PBXFileReference; lastKnownFileType = text.plist.xml; path = Info.plist; sourceTree = "<group>"; };
		90D6B77724604ED500F5CCBA /* PhotoGalleryTests.xctest */ = {isa = PBXFileReference; explicitFileType = wrapper.cfbundle; includeInIndex = 0; path = PhotoGalleryTests.xctest; sourceTree = BUILT_PRODUCTS_DIR; };
		90D6B77B24604ED500F5CCBA /* PhotoGalleryViewModelTests.swift */ = {isa = PBXFileReference; lastKnownFileType = sourcecode.swift; path = PhotoGalleryViewModelTests.swift; sourceTree = "<group>"; };
		90D6B77D24604ED500F5CCBA /* Info.plist */ = {isa = PBXFileReference; lastKnownFileType = text.plist.xml; path = Info.plist; sourceTree = "<group>"; };
		90D6B78224604ED500F5CCBA /* PhotoGalleryUITests.xctest */ = {isa = PBXFileReference; explicitFileType = wrapper.cfbundle; includeInIndex = 0; path = PhotoGalleryUITests.xctest; sourceTree = BUILT_PRODUCTS_DIR; };
		90D6B78624604ED500F5CCBA /* PhotoGalleryUITests.swift */ = {isa = PBXFileReference; lastKnownFileType = sourcecode.swift; path = PhotoGalleryUITests.swift; sourceTree = "<group>"; };
		90D6B78824604ED500F5CCBA /* Info.plist */ = {isa = PBXFileReference; lastKnownFileType = text.plist.xml; path = Info.plist; sourceTree = "<group>"; };
		90D6B796246057FD00F5CCBA /* LaunchScreen.storyboard */ = {isa = PBXFileReference; fileEncoding = 4; lastKnownFileType = file.storyboard; path = LaunchScreen.storyboard; sourceTree = "<group>"; };
		90D6B797246057FD00F5CCBA /* Main.storyboard */ = {isa = PBXFileReference; fileEncoding = 4; lastKnownFileType = file.storyboard; path = Main.storyboard; sourceTree = "<group>"; };
		90D6B79D246057FD00F5CCBA /* PhotoGalleryViewController.swift */ = {isa = PBXFileReference; fileEncoding = 4; lastKnownFileType = sourcecode.swift; path = PhotoGalleryViewController.swift; sourceTree = "<group>"; };
		90D6B7A524605FD700F5CCBA /* PhotoGalleryViewModel.swift */ = {isa = PBXFileReference; lastKnownFileType = sourcecode.swift; path = PhotoGalleryViewModel.swift; sourceTree = "<group>"; };
		90D6B7A82460612E00F5CCBA /* PhotoGalleryDataProtocol.swift */ = {isa = PBXFileReference; lastKnownFileType = sourcecode.swift; path = PhotoGalleryDataProtocol.swift; sourceTree = "<group>"; };
		90D6B7AA24606A6000F5CCBA /* PhotoGalleryDataController.swift */ = {isa = PBXFileReference; lastKnownFileType = sourcecode.swift; path = PhotoGalleryDataController.swift; sourceTree = "<group>"; };
		90D6B7AC24606BBE00F5CCBA /* NSObject+Classname.swift */ = {isa = PBXFileReference; lastKnownFileType = sourcecode.swift; path = "NSObject+Classname.swift"; sourceTree = "<group>"; };
		90D6B7AE24606FB200F5CCBA /* PhotoGalleryCollectionViewCell.swift */ = {isa = PBXFileReference; lastKnownFileType = sourcecode.swift; path = PhotoGalleryCollectionViewCell.swift; sourceTree = "<group>"; };
		90D6B7B02460845500F5CCBA /* PhotoGalleryCollectionViewCell.xib */ = {isa = PBXFileReference; lastKnownFileType = file.xib; path = PhotoGalleryCollectionViewCell.xib; sourceTree = "<group>"; };
		90D6B7B22460867E00F5CCBA /* UICollectionView+Registration.swift */ = {isa = PBXFileReference; lastKnownFileType = sourcecode.swift; path = "UICollectionView+Registration.swift"; sourceTree = "<group>"; };
		90D6B7B4246318B700F5CCBA /* FileHandler.swift */ = {isa = PBXFileReference; lastKnownFileType = sourcecode.swift; path = FileHandler.swift; sourceTree = "<group>"; };
		90D6B7B624631F6A00F5CCBA /* PhotoGalleryViewController+UICollectionViewDelegate.swift */ = {isa = PBXFileReference; lastKnownFileType = sourcecode.swift; path = "PhotoGalleryViewController+UICollectionViewDelegate.swift"; sourceTree = "<group>"; };
		90D6B7BA2464E3F800F5CCBA /* ImagePicker.swift */ = {isa = PBXFileReference; lastKnownFileType = sourcecode.swift; path = ImagePicker.swift; sourceTree = "<group>"; };
		90D6B7BC2464EDF700F5CCBA /* ImageViewerViewController.swift */ = {isa = PBXFileReference; lastKnownFileType = sourcecode.swift; path = ImageViewerViewController.swift; sourceTree = "<group>"; };
		90D6B7BE2464F02400F5CCBA /* Routable.swift */ = {isa = PBXFileReference; lastKnownFileType = sourcecode.swift; path = Routable.swift; sourceTree = "<group>"; };
		90D6B7C02464F03A00F5CCBA /* Storyboard.swift */ = {isa = PBXFileReference; lastKnownFileType = sourcecode.swift; path = Storyboard.swift; sourceTree = "<group>"; };
		90D6B7C22464F07200F5CCBA /* UIViewController+Instantiation.swift */ = {isa = PBXFileReference; lastKnownFileType = sourcecode.swift; path = "UIViewController+Instantiation.swift"; sourceTree = "<group>"; };
		90D6B7C52464F0E300F5CCBA /* PhotoGalleryRouter.swift */ = {isa = PBXFileReference; lastKnownFileType = sourcecode.swift; path = PhotoGalleryRouter.swift; sourceTree = "<group>"; };
		90D6B7C72464F16B00F5CCBA /* ImageViewerViewModel.swift */ = {isa = PBXFileReference; lastKnownFileType = sourcecode.swift; path = ImageViewerViewModel.swift; sourceTree = "<group>"; };
		90D6B7C924658A0500F5CCBA /* UIImage+Rotation.swift */ = {isa = PBXFileReference; lastKnownFileType = sourcecode.swift; path = "UIImage+Rotation.swift"; sourceTree = "<group>"; };
		90D6B7D124685E5C00F5CCBA /* UIImage+Resize.swift */ = {isa = PBXFileReference; lastKnownFileType = sourcecode.swift; path = "UIImage+Resize.swift"; sourceTree = "<group>"; };
		90D6B7D3246870FD00F5CCBA /* PhotoGalleryViewController+ImagePicker.swift */ = {isa = PBXFileReference; lastKnownFileType = sourcecode.swift; path = "PhotoGalleryViewController+ImagePicker.swift"; sourceTree = "<group>"; };
		90D6B7D52468723500F5CCBA /* PhotoGalleryViewController+UICollectionViewDelegateFlowLayout .swift */ = {isa = PBXFileReference; lastKnownFileType = sourcecode.swift; path = "PhotoGalleryViewController+UICollectionViewDelegateFlowLayout .swift"; sourceTree = "<group>"; };
		90D6B7D7246873C400F5CCBA /* PhotoGalleryViewController+UICollectionViewDataSource.swift */ = {isa = PBXFileReference; lastKnownFileType = sourcecode.swift; path = "PhotoGalleryViewController+UICollectionViewDataSource.swift"; sourceTree = "<group>"; };
		90D6B7D92468DA5700F5CCBA /* PhotoGalleryDummyDataController.swift */ = {isa = PBXFileReference; lastKnownFileType = sourcecode.swift; path = PhotoGalleryDummyDataController.swift; sourceTree = "<group>"; };
		90D6B7DB2468E6C600F5CCBA /* PhotoGalleryDummyBrokenDataController.swift */ = {isa = PBXFileReference; lastKnownFileType = sourcecode.swift; path = PhotoGalleryDummyBrokenDataController.swift; sourceTree = "<group>"; };
		90D6B7DF2468F0F400F5CCBA /* DummyFileHandler.swift */ = {isa = PBXFileReference; lastKnownFileType = sourcecode.swift; path = DummyFileHandler.swift; sourceTree = "<group>"; };
/* End PBXFileReference section */

/* Begin PBXFrameworksBuildPhase section */
		90D6B75E24604ED300F5CCBA /* Frameworks */ = {
			isa = PBXFrameworksBuildPhase;
			buildActionMask = 2147483647;
			files = (
			);
			runOnlyForDeploymentPostprocessing = 0;
		};
		90D6B77424604ED500F5CCBA /* Frameworks */ = {
			isa = PBXFrameworksBuildPhase;
			buildActionMask = 2147483647;
			files = (
			);
			runOnlyForDeploymentPostprocessing = 0;
		};
		90D6B77F24604ED500F5CCBA /* Frameworks */ = {
			isa = PBXFrameworksBuildPhase;
			buildActionMask = 2147483647;
			files = (
			);
			runOnlyForDeploymentPostprocessing = 0;
		};
/* End PBXFrameworksBuildPhase section */

/* Begin PBXGroup section */
		90D6B75824604ED300F5CCBA = {
			isa = PBXGroup;
			children = (
				90D6B76324604ED300F5CCBA /* PhotoGallery */,
				90D6B77A24604ED500F5CCBA /* PhotoGalleryTests */,
				90D6B78524604ED500F5CCBA /* PhotoGalleryUITests */,
				90D6B76224604ED300F5CCBA /* Products */,
			);
			sourceTree = "<group>";
		};
		90D6B76224604ED300F5CCBA /* Products */ = {
			isa = PBXGroup;
			children = (
				90D6B76124604ED300F5CCBA /* PhotoGallery.app */,
				90D6B77724604ED500F5CCBA /* PhotoGalleryTests.xctest */,
				90D6B78224604ED500F5CCBA /* PhotoGalleryUITests.xctest */,
			);
			name = Products;
			sourceTree = "<group>";
		};
		90D6B76324604ED300F5CCBA /* PhotoGallery */ = {
			isa = PBXGroup;
			children = (
				90D6B76424604ED300F5CCBA /* AppDelegate.swift */,
				90D6B76624604ED300F5CCBA /* SceneDelegate.swift */,
				90D6B76D24604ED500F5CCBA /* Assets.xcassets */,
				90D6B7A1246057FD00F5CCBA /* Commons */,
				90D6B794246057FD00F5CCBA /* Extensions */,
				90D6B798246057FD00F5CCBA /* Features */,
				90D6B795246057FD00F5CCBA /* Storyboards */,
				90D6B77224604ED500F5CCBA /* Info.plist */,
			);
			path = PhotoGallery;
			sourceTree = "<group>";
		};
		90D6B77A24604ED500F5CCBA /* PhotoGalleryTests */ = {
			isa = PBXGroup;
			children = (
				90D6B77B24604ED500F5CCBA /* PhotoGalleryViewModelTests.swift */,
				90D6B7D92468DA5700F5CCBA /* PhotoGalleryDummyDataController.swift */,
				90D6B7DB2468E6C600F5CCBA /* PhotoGalleryDummyBrokenDataController.swift */,
				90D6B7DF2468F0F400F5CCBA /* DummyFileHandler.swift */,
				90D6B77D24604ED500F5CCBA /* Info.plist */,
			);
			path = PhotoGalleryTests;
			sourceTree = "<group>";
		};
		90D6B78524604ED500F5CCBA /* PhotoGalleryUITests */ = {
			isa = PBXGroup;
			children = (
				90D6B78624604ED500F5CCBA /* PhotoGalleryUITests.swift */,
				90D6B78824604ED500F5CCBA /* Info.plist */,
			);
			path = PhotoGalleryUITests;
			sourceTree = "<group>";
		};
		90D6B794246057FD00F5CCBA /* Extensions */ = {
			isa = PBXGroup;
			children = (
				90D6B7AC24606BBE00F5CCBA /* NSObject+Classname.swift */,
				90D6B7B22460867E00F5CCBA /* UICollectionView+Registration.swift */,
				90D6B7C22464F07200F5CCBA /* UIViewController+Instantiation.swift */,
				90D6B7C924658A0500F5CCBA /* UIImage+Rotation.swift */,
				90D6B7D124685E5C00F5CCBA /* UIImage+Resize.swift */,
			);
			path = Extensions;
			sourceTree = "<group>";
		};
		90D6B795246057FD00F5CCBA /* Storyboards */ = {
			isa = PBXGroup;
			children = (
				90D6B796246057FD00F5CCBA /* LaunchScreen.storyboard */,
				90D6B797246057FD00F5CCBA /* Main.storyboard */,
			);
			path = Storyboards;
			sourceTree = "<group>";
		};
		90D6B798246057FD00F5CCBA /* Features */ = {
			isa = PBXGroup;
			children = (
				90D6B799246057FD00F5CCBA /* Gallery */,
				90D6B79E246057FD00F5CCBA /* ImageViewer */,
			);
			path = Features;
			sourceTree = "<group>";
		};
		90D6B799246057FD00F5CCBA /* Gallery */ = {
			isa = PBXGroup;
			children = (
				90D6B79B246057FD00F5CCBA /* Cells */,
				90D6B7A72460610D00F5CCBA /* DataController */,
				90D6B7C42464F0CE00F5CCBA /* Router */,
				90D6B79C246057FD00F5CCBA /* ViewController */,
				90D6B79A246057FD00F5CCBA /* ViewModel */,
			);
			path = Gallery;
			sourceTree = "<group>";
		};
		90D6B79A246057FD00F5CCBA /* ViewModel */ = {
			isa = PBXGroup;
			children = (
				90D6B7A524605FD700F5CCBA /* PhotoGalleryViewModel.swift */,
			);
			path = ViewModel;
			sourceTree = "<group>";
		};
		90D6B79B246057FD00F5CCBA /* Cells */ = {
			isa = PBXGroup;
			children = (
				90D6B7AE24606FB200F5CCBA /* PhotoGalleryCollectionViewCell.swift */,
				90D6B7B02460845500F5CCBA /* PhotoGalleryCollectionViewCell.xib */,
			);
			path = Cells;
			sourceTree = "<group>";
		};
		90D6B79C246057FD00F5CCBA /* ViewController */ = {
			isa = PBXGroup;
			children = (
				90D6B79D246057FD00F5CCBA /* PhotoGalleryViewController.swift */,
				90D6B7B624631F6A00F5CCBA /* PhotoGalleryViewController+UICollectionViewDelegate.swift */,
				90D6B7D7246873C400F5CCBA /* PhotoGalleryViewController+UICollectionViewDataSource.swift */,
				90D6B7D52468723500F5CCBA /* PhotoGalleryViewController+UICollectionViewDelegateFlowLayout .swift */,
				90D6B7D3246870FD00F5CCBA /* PhotoGalleryViewController+ImagePicker.swift */,
			);
			path = ViewController;
			sourceTree = "<group>";
		};
		90D6B79E246057FD00F5CCBA /* ImageViewer */ = {
			isa = PBXGroup;
			children = (
				90D6B79F246057FD00F5CCBA /* ViewModel */,
				90D6B7A0246057FD00F5CCBA /* ViewController */,
			);
			path = ImageViewer;
			sourceTree = "<group>";
		};
		90D6B79F246057FD00F5CCBA /* ViewModel */ = {
			isa = PBXGroup;
			children = (
				90D6B7C72464F16B00F5CCBA /* ImageViewerViewModel.swift */,
			);
			path = ViewModel;
			sourceTree = "<group>";
		};
		90D6B7A0246057FD00F5CCBA /* ViewController */ = {
			isa = PBXGroup;
			children = (
				90D6B7BC2464EDF700F5CCBA /* ImageViewerViewController.swift */,
			);
			path = ViewController;
			sourceTree = "<group>";
		};
		90D6B7A1246057FD00F5CCBA /* Commons */ = {
			isa = PBXGroup;
			children = (
				90D6B7B4246318B700F5CCBA /* FileHandler.swift */,
				90D6B7BA2464E3F800F5CCBA /* ImagePicker.swift */,
				90D6B7BE2464F02400F5CCBA /* Routable.swift */,
				90D6B7C02464F03A00F5CCBA /* Storyboard.swift */,
			);
			path = Commons;
			sourceTree = "<group>";
		};
		90D6B7A72460610D00F5CCBA /* DataController */ = {
			isa = PBXGroup;
			children = (
				90D6B7A82460612E00F5CCBA /* PhotoGalleryDataProtocol.swift */,
				90D6B7AA24606A6000F5CCBA /* PhotoGalleryDataController.swift */,
			);
			path = DataController;
			sourceTree = "<group>";
		};
		90D6B7C42464F0CE00F5CCBA /* Router */ = {
			isa = PBXGroup;
			children = (
				90D6B7C52464F0E300F5CCBA /* PhotoGalleryRouter.swift */,
			);
			path = Router;
			sourceTree = "<group>";
		};
/* End PBXGroup section */

/* Begin PBXNativeTarget section */
		90D6B76024604ED300F5CCBA /* PhotoGallery */ = {
			isa = PBXNativeTarget;
			buildConfigurationList = 90D6B78B24604ED500F5CCBA /* Build configuration list for PBXNativeTarget "PhotoGallery" */;
			buildPhases = (
				90D6B75D24604ED300F5CCBA /* Sources */,
				90D6B75E24604ED300F5CCBA /* Frameworks */,
				90D6B75F24604ED300F5CCBA /* Resources */,
			);
			buildRules = (
			);
			dependencies = (
			);
			name = PhotoGallery;
			productName = PhotoGallery;
			productReference = 90D6B76124604ED300F5CCBA /* PhotoGallery.app */;
			productType = "com.apple.product-type.application";
		};
		90D6B77624604ED500F5CCBA /* PhotoGalleryTests */ = {
			isa = PBXNativeTarget;
			buildConfigurationList = 90D6B78E24604ED500F5CCBA /* Build configuration list for PBXNativeTarget "PhotoGalleryTests" */;
			buildPhases = (
				90D6B77324604ED500F5CCBA /* Sources */,
				90D6B77424604ED500F5CCBA /* Frameworks */,
				90D6B77524604ED500F5CCBA /* Resources */,
			);
			buildRules = (
			);
			dependencies = (
				90D6B77924604ED500F5CCBA /* PBXTargetDependency */,
			);
			name = PhotoGalleryTests;
			productName = PhotoGalleryTests;
			productReference = 90D6B77724604ED500F5CCBA /* PhotoGalleryTests.xctest */;
			productType = "com.apple.product-type.bundle.unit-test";
		};
		90D6B78124604ED500F5CCBA /* PhotoGalleryUITests */ = {
			isa = PBXNativeTarget;
			buildConfigurationList = 90D6B79124604ED500F5CCBA /* Build configuration list for PBXNativeTarget "PhotoGalleryUITests" */;
			buildPhases = (
				90D6B77E24604ED500F5CCBA /* Sources */,
				90D6B77F24604ED500F5CCBA /* Frameworks */,
				90D6B78024604ED500F5CCBA /* Resources */,
			);
			buildRules = (
			);
			dependencies = (
				90D6B78424604ED500F5CCBA /* PBXTargetDependency */,
			);
			name = PhotoGalleryUITests;
			productName = PhotoGalleryUITests;
			productReference = 90D6B78224604ED500F5CCBA /* PhotoGalleryUITests.xctest */;
			productType = "com.apple.product-type.bundle.ui-testing";
		};
/* End PBXNativeTarget section */

/* Begin PBXProject section */
		90D6B75924604ED300F5CCBA /* Project object */ = {
			isa = PBXProject;
			attributes = {
				LastSwiftUpdateCheck = 1140;
				LastUpgradeCheck = 1140;
				ORGANIZATIONNAME = "Abdullah Bayraktar";
				TargetAttributes = {
					90D6B76024604ED300F5CCBA = {
						CreatedOnToolsVersion = 11.4.1;
					};
					90D6B77624604ED500F5CCBA = {
						CreatedOnToolsVersion = 11.4.1;
						TestTargetID = 90D6B76024604ED300F5CCBA;
					};
					90D6B78124604ED500F5CCBA = {
						CreatedOnToolsVersion = 11.4.1;
						TestTargetID = 90D6B76024604ED300F5CCBA;
					};
				};
			};
			buildConfigurationList = 90D6B75C24604ED300F5CCBA /* Build configuration list for PBXProject "PhotoGallery" */;
			compatibilityVersion = "Xcode 9.3";
			developmentRegion = en;
			hasScannedForEncodings = 0;
			knownRegions = (
				en,
				Base,
			);
			mainGroup = 90D6B75824604ED300F5CCBA;
			productRefGroup = 90D6B76224604ED300F5CCBA /* Products */;
			projectDirPath = "";
			projectRoot = "";
			targets = (
				90D6B76024604ED300F5CCBA /* PhotoGallery */,
				90D6B77624604ED500F5CCBA /* PhotoGalleryTests */,
				90D6B78124604ED500F5CCBA /* PhotoGalleryUITests */,
			);
		};
/* End PBXProject section */

/* Begin PBXResourcesBuildPhase section */
		90D6B75F24604ED300F5CCBA /* Resources */ = {
			isa = PBXResourcesBuildPhase;
			buildActionMask = 2147483647;
			files = (
				90D6B7A3246057FD00F5CCBA /* Main.storyboard in Resources */,
				90D6B76E24604ED500F5CCBA /* Assets.xcassets in Resources */,
				90D6B7B12460845500F5CCBA /* PhotoGalleryCollectionViewCell.xib in Resources */,
				90D6B7A2246057FD00F5CCBA /* LaunchScreen.storyboard in Resources */,
			);
			runOnlyForDeploymentPostprocessing = 0;
		};
		90D6B77524604ED500F5CCBA /* Resources */ = {
			isa = PBXResourcesBuildPhase;
			buildActionMask = 2147483647;
			files = (
			);
			runOnlyForDeploymentPostprocessing = 0;
		};
		90D6B78024604ED500F5CCBA /* Resources */ = {
			isa = PBXResourcesBuildPhase;
			buildActionMask = 2147483647;
			files = (
			);
			runOnlyForDeploymentPostprocessing = 0;
		};
/* End PBXResourcesBuildPhase section */

/* Begin PBXSourcesBuildPhase section */
		90D6B75D24604ED300F5CCBA /* Sources */ = {
			isa = PBXSourcesBuildPhase;
			buildActionMask = 2147483647;
			files = (
				90D6B7A624605FD700F5CCBA /* PhotoGalleryViewModel.swift in Sources */,
				90D6B7C62464F0E300F5CCBA /* PhotoGalleryRouter.swift in Sources */,
				90D6B7C12464F03A00F5CCBA /* Storyboard.swift in Sources */,
				90D6B7BF2464F02400F5CCBA /* Routable.swift in Sources */,
				90D6B7B32460867E00F5CCBA /* UICollectionView+Registration.swift in Sources */,
				90D6B7AD24606BBE00F5CCBA /* NSObject+Classname.swift in Sources */,
				90D6B7D62468723500F5CCBA /* PhotoGalleryViewController+UICollectionViewDelegateFlowLayout .swift in Sources */,
				90D6B7D4246870FD00F5CCBA /* PhotoGalleryViewController+ImagePicker.swift in Sources */,
				90D6B76524604ED300F5CCBA /* AppDelegate.swift in Sources */,
				90D6B7B724631F6A00F5CCBA /* PhotoGalleryViewController+UICollectionViewDelegate.swift in Sources */,
				90D6B7A4246057FD00F5CCBA /* PhotoGalleryViewController.swift in Sources */,
				90D6B7BD2464EDF700F5CCBA /* ImageViewerViewController.swift in Sources */,
				90D6B7CA24658A0500F5CCBA /* UIImage+Rotation.swift in Sources */,
				90D6B7B5246318B700F5CCBA /* FileHandler.swift in Sources */,
				90D6B7A92460612E00F5CCBA /* PhotoGalleryDataProtocol.swift in Sources */,
				90D6B7D224685E5C00F5CCBA /* UIImage+Resize.swift in Sources */,
				90D6B7C82464F16B00F5CCBA /* ImageViewerViewModel.swift in Sources */,
				90D6B7D8246873C400F5CCBA /* PhotoGalleryViewController+UICollectionViewDataSource.swift in Sources */,
				90D6B7AB24606A6000F5CCBA /* PhotoGalleryDataController.swift in Sources */,
				90D6B7C32464F07200F5CCBA /* UIViewController+Instantiation.swift in Sources */,
				90D6B7BB2464E3F800F5CCBA /* ImagePicker.swift in Sources */,
				90D6B76724604ED300F5CCBA /* SceneDelegate.swift in Sources */,
				90D6B7AF24606FB200F5CCBA /* PhotoGalleryCollectionViewCell.swift in Sources */,
			);
			runOnlyForDeploymentPostprocessing = 0;
		};
		90D6B77324604ED500F5CCBA /* Sources */ = {
			isa = PBXSourcesBuildPhase;
			buildActionMask = 2147483647;
			files = (
				90D6B7DA2468DA5700F5CCBA /* PhotoGalleryDummyDataController.swift in Sources */,
				90D6B7DC2468E6C600F5CCBA /* PhotoGalleryDummyBrokenDataController.swift in Sources */,
				90D6B77C24604ED500F5CCBA /* PhotoGalleryViewModelTests.swift in Sources */,
				90D6B7E02468F0F400F5CCBA /* DummyFileHandler.swift in Sources */,
			);
			runOnlyForDeploymentPostprocessing = 0;
		};
		90D6B77E24604ED500F5CCBA /* Sources */ = {
			isa = PBXSourcesBuildPhase;
			buildActionMask = 2147483647;
			files = (
				90D6B78724604ED500F5CCBA /* PhotoGalleryUITests.swift in Sources */,
			);
			runOnlyForDeploymentPostprocessing = 0;
		};
/* End PBXSourcesBuildPhase section */

/* Begin PBXTargetDependency section */
		90D6B77924604ED500F5CCBA /* PBXTargetDependency */ = {
			isa = PBXTargetDependency;
			target = 90D6B76024604ED300F5CCBA /* PhotoGallery */;
			targetProxy = 90D6B77824604ED500F5CCBA /* PBXContainerItemProxy */;
		};
		90D6B78424604ED500F5CCBA /* PBXTargetDependency */ = {
			isa = PBXTargetDependency;
			target = 90D6B76024604ED300F5CCBA /* PhotoGallery */;
			targetProxy = 90D6B78324604ED500F5CCBA /* PBXContainerItemProxy */;
		};
/* End PBXTargetDependency section */

/* Begin XCBuildConfiguration section */
		90D6B78924604ED500F5CCBA /* Debug */ = {
			isa = XCBuildConfiguration;
			buildSettings = {
				ALWAYS_SEARCH_USER_PATHS = NO;
				CLANG_ANALYZER_NONNULL = YES;
				CLANG_ANALYZER_NUMBER_OBJECT_CONVERSION = YES_AGGRESSIVE;
				CLANG_CXX_LANGUAGE_STANDARD = "gnu++14";
				CLANG_CXX_LIBRARY = "libc++";
				CLANG_ENABLE_MODULES = YES;
				CLANG_ENABLE_OBJC_ARC = YES;
				CLANG_ENABLE_OBJC_WEAK = YES;
				CLANG_WARN_BLOCK_CAPTURE_AUTORELEASING = YES;
				CLANG_WARN_BOOL_CONVERSION = YES;
				CLANG_WARN_COMMA = YES;
				CLANG_WARN_CONSTANT_CONVERSION = YES;
				CLANG_WARN_DEPRECATED_OBJC_IMPLEMENTATIONS = YES;
				CLANG_WARN_DIRECT_OBJC_ISA_USAGE = YES_ERROR;
				CLANG_WARN_DOCUMENTATION_COMMENTS = YES;
				CLANG_WARN_EMPTY_BODY = YES;
				CLANG_WARN_ENUM_CONVERSION = YES;
				CLANG_WARN_INFINITE_RECURSION = YES;
				CLANG_WARN_INT_CONVERSION = YES;
				CLANG_WARN_NON_LITERAL_NULL_CONVERSION = YES;
				CLANG_WARN_OBJC_IMPLICIT_RETAIN_SELF = YES;
				CLANG_WARN_OBJC_LITERAL_CONVERSION = YES;
				CLANG_WARN_OBJC_ROOT_CLASS = YES_ERROR;
				CLANG_WARN_RANGE_LOOP_ANALYSIS = YES;
				CLANG_WARN_STRICT_PROTOTYPES = YES;
				CLANG_WARN_SUSPICIOUS_MOVE = YES;
				CLANG_WARN_UNGUARDED_AVAILABILITY = YES_AGGRESSIVE;
				CLANG_WARN_UNREACHABLE_CODE = YES;
				CLANG_WARN__DUPLICATE_METHOD_MATCH = YES;
				COPY_PHASE_STRIP = NO;
				DEBUG_INFORMATION_FORMAT = dwarf;
				ENABLE_STRICT_OBJC_MSGSEND = YES;
				ENABLE_TESTABILITY = YES;
				GCC_C_LANGUAGE_STANDARD = gnu11;
				GCC_DYNAMIC_NO_PIC = NO;
				GCC_NO_COMMON_BLOCKS = YES;
				GCC_OPTIMIZATION_LEVEL = 0;
				GCC_PREPROCESSOR_DEFINITIONS = (
					"DEBUG=1",
					"$(inherited)",
				);
				GCC_WARN_64_TO_32_BIT_CONVERSION = YES;
				GCC_WARN_ABOUT_RETURN_TYPE = YES_ERROR;
				GCC_WARN_UNDECLARED_SELECTOR = YES;
				GCC_WARN_UNINITIALIZED_AUTOS = YES_AGGRESSIVE;
				GCC_WARN_UNUSED_FUNCTION = YES;
				GCC_WARN_UNUSED_VARIABLE = YES;
				IPHONEOS_DEPLOYMENT_TARGET = 13.4;
				MTL_ENABLE_DEBUG_INFO = INCLUDE_SOURCE;
				MTL_FAST_MATH = YES;
				ONLY_ACTIVE_ARCH = YES;
				SDKROOT = iphoneos;
				SWIFT_ACTIVE_COMPILATION_CONDITIONS = DEBUG;
				SWIFT_OPTIMIZATION_LEVEL = "-Onone";
			};
			name = Debug;
		};
		90D6B78A24604ED500F5CCBA /* Release */ = {
			isa = XCBuildConfiguration;
			buildSettings = {
				ALWAYS_SEARCH_USER_PATHS = NO;
				CLANG_ANALYZER_NONNULL = YES;
				CLANG_ANALYZER_NUMBER_OBJECT_CONVERSION = YES_AGGRESSIVE;
				CLANG_CXX_LANGUAGE_STANDARD = "gnu++14";
				CLANG_CXX_LIBRARY = "libc++";
				CLANG_ENABLE_MODULES = YES;
				CLANG_ENABLE_OBJC_ARC = YES;
				CLANG_ENABLE_OBJC_WEAK = YES;
				CLANG_WARN_BLOCK_CAPTURE_AUTORELEASING = YES;
				CLANG_WARN_BOOL_CONVERSION = YES;
				CLANG_WARN_COMMA = YES;
				CLANG_WARN_CONSTANT_CONVERSION = YES;
				CLANG_WARN_DEPRECATED_OBJC_IMPLEMENTATIONS = YES;
				CLANG_WARN_DIRECT_OBJC_ISA_USAGE = YES_ERROR;
				CLANG_WARN_DOCUMENTATION_COMMENTS = YES;
				CLANG_WARN_EMPTY_BODY = YES;
				CLANG_WARN_ENUM_CONVERSION = YES;
				CLANG_WARN_INFINITE_RECURSION = YES;
				CLANG_WARN_INT_CONVERSION = YES;
				CLANG_WARN_NON_LITERAL_NULL_CONVERSION = YES;
				CLANG_WARN_OBJC_IMPLICIT_RETAIN_SELF = YES;
				CLANG_WARN_OBJC_LITERAL_CONVERSION = YES;
				CLANG_WARN_OBJC_ROOT_CLASS = YES_ERROR;
				CLANG_WARN_RANGE_LOOP_ANALYSIS = YES;
				CLANG_WARN_STRICT_PROTOTYPES = YES;
				CLANG_WARN_SUSPICIOUS_MOVE = YES;
				CLANG_WARN_UNGUARDED_AVAILABILITY = YES_AGGRESSIVE;
				CLANG_WARN_UNREACHABLE_CODE = YES;
				CLANG_WARN__DUPLICATE_METHOD_MATCH = YES;
				COPY_PHASE_STRIP = NO;
				DEBUG_INFORMATION_FORMAT = "dwarf-with-dsym";
				ENABLE_NS_ASSERTIONS = NO;
				ENABLE_STRICT_OBJC_MSGSEND = YES;
				GCC_C_LANGUAGE_STANDARD = gnu11;
				GCC_NO_COMMON_BLOCKS = YES;
				GCC_WARN_64_TO_32_BIT_CONVERSION = YES;
				GCC_WARN_ABOUT_RETURN_TYPE = YES_ERROR;
				GCC_WARN_UNDECLARED_SELECTOR = YES;
				GCC_WARN_UNINITIALIZED_AUTOS = YES_AGGRESSIVE;
				GCC_WARN_UNUSED_FUNCTION = YES;
				GCC_WARN_UNUSED_VARIABLE = YES;
				IPHONEOS_DEPLOYMENT_TARGET = 13.4;
				MTL_ENABLE_DEBUG_INFO = NO;
				MTL_FAST_MATH = YES;
				SDKROOT = iphoneos;
				SWIFT_COMPILATION_MODE = wholemodule;
				SWIFT_OPTIMIZATION_LEVEL = "-O";
				VALIDATE_PRODUCT = YES;
			};
			name = Release;
		};
		90D6B78C24604ED500F5CCBA /* Debug */ = {
			isa = XCBuildConfiguration;
			buildSettings = {
				ASSETCATALOG_COMPILER_APPICON_NAME = AppIcon;
				CODE_SIGN_STYLE = Automatic;
				DEVELOPMENT_TEAM = ENUHJBFYUN;
				INFOPLIST_FILE = PhotoGallery/Info.plist;
				IPHONEOS_DEPLOYMENT_TARGET = 13.0;
				LD_RUNPATH_SEARCH_PATHS = (
					"$(inherited)",
					"@executable_path/Frameworks",
				);
				PRODUCT_BUNDLE_IDENTIFIER = AB.PhotoGallery;
				PRODUCT_NAME = "$(TARGET_NAME)";
				SWIFT_VERSION = 5.0;
				TARGETED_DEVICE_FAMILY = "1,2";
			};
			name = Debug;
		};
		90D6B78D24604ED500F5CCBA /* Release */ = {
			isa = XCBuildConfiguration;
			buildSettings = {
				ASSETCATALOG_COMPILER_APPICON_NAME = AppIcon;
				CODE_SIGN_STYLE = Automatic;
				DEVELOPMENT_TEAM = ENUHJBFYUN;
				INFOPLIST_FILE = PhotoGallery/Info.plist;
				IPHONEOS_DEPLOYMENT_TARGET = 13.0;
				LD_RUNPATH_SEARCH_PATHS = (
					"$(inherited)",
					"@executable_path/Frameworks",
				);
				PRODUCT_BUNDLE_IDENTIFIER = AB.PhotoGallery;
				PRODUCT_NAME = "$(TARGET_NAME)";
				SWIFT_VERSION = 5.0;
				TARGETED_DEVICE_FAMILY = "1,2";
			};
			name = Release;
		};
		90D6B78F24604ED500F5CCBA /* Debug */ = {
			isa = XCBuildConfiguration;
			buildSettings = {
				ALWAYS_EMBED_SWIFT_STANDARD_LIBRARIES = YES;
				BUNDLE_LOADER = "$(TEST_HOST)";
				CODE_SIGN_STYLE = Automatic;
				INFOPLIST_FILE = PhotoGalleryTests/Info.plist;
				IPHONEOS_DEPLOYMENT_TARGET = 13.4;
				LD_RUNPATH_SEARCH_PATHS = (
					"$(inherited)",
					"@executable_path/Frameworks",
					"@loader_path/Frameworks",
				);
				PRODUCT_BUNDLE_IDENTIFIER = AB.PhotoGalleryTests;
				PRODUCT_NAME = "$(TARGET_NAME)";
				SWIFT_VERSION = 5.0;
				TARGETED_DEVICE_FAMILY = "1,2";
				TEST_HOST = "$(BUILT_PRODUCTS_DIR)/PhotoGallery.app/PhotoGallery";
			};
			name = Debug;
		};
		90D6B79024604ED500F5CCBA /* Release */ = {
			isa = XCBuildConfiguration;
			buildSettings = {
				ALWAYS_EMBED_SWIFT_STANDARD_LIBRARIES = YES;
				BUNDLE_LOADER = "$(TEST_HOST)";
				CODE_SIGN_STYLE = Automatic;
				INFOPLIST_FILE = PhotoGalleryTests/Info.plist;
				IPHONEOS_DEPLOYMENT_TARGET = 13.4;
				LD_RUNPATH_SEARCH_PATHS = (
					"$(inherited)",
					"@executable_path/Frameworks",
					"@loader_path/Frameworks",
				);
				PRODUCT_BUNDLE_IDENTIFIER = AB.PhotoGalleryTests;
				PRODUCT_NAME = "$(TARGET_NAME)";
				SWIFT_VERSION = 5.0;
				TARGETED_DEVICE_FAMILY = "1,2";
				TEST_HOST = "$(BUILT_PRODUCTS_DIR)/PhotoGallery.app/PhotoGallery";
			};
			name = Release;
		};
		90D6B79224604ED500F5CCBA /* Debug */ = {
			isa = XCBuildConfiguration;
			buildSettings = {
				ALWAYS_EMBED_SWIFT_STANDARD_LIBRARIES = YES;
				CODE_SIGN_STYLE = Automatic;
				INFOPLIST_FILE = PhotoGalleryUITests/Info.plist;
				LD_RUNPATH_SEARCH_PATHS = (
					"$(inherited)",
					"@executable_path/Frameworks",
					"@loader_path/Frameworks",
				);
				PRODUCT_BUNDLE_IDENTIFIER = AB.PhotoGalleryUITests;
				PRODUCT_NAME = "$(TARGET_NAME)";
				SWIFT_VERSION = 5.0;
				TARGETED_DEVICE_FAMILY = "1,2";
				TEST_TARGET_NAME = PhotoGallery;
			};
			name = Debug;
		};
		90D6B79324604ED500F5CCBA /* Release */ = {
			isa = XCBuildConfiguration;
			buildSettings = {
				ALWAYS_EMBED_SWIFT_STANDARD_LIBRARIES = YES;
				CODE_SIGN_STYLE = Automatic;
				INFOPLIST_FILE = PhotoGalleryUITests/Info.plist;
				LD_RUNPATH_SEARCH_PATHS = (
					"$(inherited)",
					"@executable_path/Frameworks",
					"@loader_path/Frameworks",
				);
				PRODUCT_BUNDLE_IDENTIFIER = AB.PhotoGalleryUITests;
				PRODUCT_NAME = "$(TARGET_NAME)";
				SWIFT_VERSION = 5.0;
				TARGETED_DEVICE_FAMILY = "1,2";
				TEST_TARGET_NAME = PhotoGallery;
			};
			name = Release;
		};
/* End XCBuildConfiguration section */

/* Begin XCConfigurationList section */
		90D6B75C24604ED300F5CCBA /* Build configuration list for PBXProject "PhotoGallery" */ = {
			isa = XCConfigurationList;
			buildConfigurations = (
				90D6B78924604ED500F5CCBA /* Debug */,
				90D6B78A24604ED500F5CCBA /* Release */,
			);
			defaultConfigurationIsVisible = 0;
			defaultConfigurationName = Release;
		};
		90D6B78B24604ED500F5CCBA /* Build configuration list for PBXNativeTarget "PhotoGallery" */ = {
			isa = XCConfigurationList;
			buildConfigurations = (
				90D6B78C24604ED500F5CCBA /* Debug */,
				90D6B78D24604ED500F5CCBA /* Release */,
			);
			defaultConfigurationIsVisible = 0;
			defaultConfigurationName = Release;
		};
		90D6B78E24604ED500F5CCBA /* Build configuration list for PBXNativeTarget "PhotoGalleryTests" */ = {
			isa = XCConfigurationList;
			buildConfigurations = (
				90D6B78F24604ED500F5CCBA /* Debug */,
				90D6B79024604ED500F5CCBA /* Release */,
			);
			defaultConfigurationIsVisible = 0;
			defaultConfigurationName = Release;
		};
		90D6B79124604ED500F5CCBA /* Build configuration list for PBXNativeTarget "PhotoGalleryUITests" */ = {
			isa = XCConfigurationList;
			buildConfigurations = (
				90D6B79224604ED500F5CCBA /* Debug */,
				90D6B79324604ED500F5CCBA /* Release */,
			);
			defaultConfigurationIsVisible = 0;
			defaultConfigurationName = Release;
		};
/* End XCConfigurationList section */
	};
	rootObject = 90D6B75924604ED300F5CCBA /* Project object */;
}
